// !$*UTF8*$!
{
	archiveVersion = 1;
	classes = {
	};
	objectVersion = 46;
	objects = {

/* Begin PBXBuildFile section */
		29183C9D1E13A009001A8BAA /* main.m in Sources */ = {isa = PBXBuildFile; fileRef = 29183C9C1E13A009001A8BAA /* main.m */; };
		29183CA01E13A009001A8BAA /* AppDelegate.m in Sources */ = {isa = PBXBuildFile; fileRef = 29183C9F1E13A009001A8BAA /* AppDelegate.m */; };
		29183CA61E13A009001A8BAA /* Main.storyboard in Resources */ = {isa = PBXBuildFile; fileRef = 29183CA41E13A009001A8BAA /* Main.storyboard */; };
		29183CA81E13A009001A8BAA /* Assets.xcassets in Resources */ = {isa = PBXBuildFile; fileRef = 29183CA71E13A009001A8BAA /* Assets.xcassets */; };
		29183CAB1E13A009001A8BAA /* LaunchScreen.storyboard in Resources */ = {isa = PBXBuildFile; fileRef = 29183CA91E13A009001A8BAA /* LaunchScreen.storyboard */; };
		29183CB61E13A009001A8BAA /* ObjCAndSwiftTests.m in Sources */ = {isa = PBXBuildFile; fileRef = 29183CB51E13A009001A8BAA /* ObjCAndSwiftTests.m */; };
		29183CC11E13A009001A8BAA /* ObjCAndSwiftUITests.m in Sources */ = {isa = PBXBuildFile; fileRef = 29183CC01E13A009001A8BAA /* ObjCAndSwiftUITests.m */; };
		29183CD31E13A173001A8BAA /* FirstVC.m in Sources */ = {isa = PBXBuildFile; fileRef = 29183CD21E13A173001A8BAA /* FirstVC.m */; };
		29183CD51E13A244001A8BAA /* SecondVC.swift in Sources */ = {isa = PBXBuildFile; fileRef = 29183CD41E13A244001A8BAA /* SecondVC.swift */; };
/* End PBXBuildFile section */

/* Begin PBXContainerItemProxy section */
		29183CB21E13A009001A8BAA /* PBXContainerItemProxy */ = {
			isa = PBXContainerItemProxy;
			containerPortal = 29183C901E13A008001A8BAA /* Project object */;
			proxyType = 1;
			remoteGlobalIDString = 29183C971E13A009001A8BAA;
			remoteInfo = ObjCAndSwift;
		};
		29183CBD1E13A009001A8BAA /* PBXContainerItemProxy */ = {
			isa = PBXContainerItemProxy;
			containerPortal = 29183C901E13A008001A8BAA /* Project object */;
			proxyType = 1;
			remoteGlobalIDString = 29183C971E13A009001A8BAA;
			remoteInfo = ObjCAndSwift;
		};
/* End PBXContainerItemProxy section */

/* Begin PBXFileReference section */
		29183C981E13A009001A8BAA /* ObjCAndSwift.app */ = {isa = PBXFileReference; explicitFileType = wrapper.application; includeInIndex = 0; path = ObjCAndSwift.app; sourceTree = BUILT_PRODUCTS_DIR; };
		29183C9C1E13A009001A8BAA /* main.m */ = {isa = PBXFileReference; lastKnownFileType = sourcecode.c.objc; path = main.m; sourceTree = "<group>"; };
		29183C9E1E13A009001A8BAA /* AppDelegate.h */ = {isa = PBXFileReference; lastKnownFileType = sourcecode.c.h; path = AppDelegate.h; sourceTree = "<group>"; };
		29183C9F1E13A009001A8BAA /* AppDelegate.m */ = {isa = PBXFileReference; lastKnownFileType = sourcecode.c.objc; path = AppDelegate.m; sourceTree = "<group>"; };
		29183CA51E13A009001A8BAA /* Base */ = {isa = PBXFileReference; lastKnownFileType = file.storyboard; name = Base; path = Base.lproj/Main.storyboard; sourceTree = "<group>"; };
		29183CA71E13A009001A8BAA /* Assets.xcassets */ = {isa = PBXFileReference; lastKnownFileType = folder.assetcatalog; path = Assets.xcassets; sourceTree = "<group>"; };
		29183CAA1E13A009001A8BAA /* Base */ = {isa = PBXFileReference; lastKnownFileType = file.storyboard; name = Base; path = Base.lproj/LaunchScreen.storyboard; sourceTree = "<group>"; };
		29183CAC1E13A009001A8BAA /* Info.plist */ = {isa = PBXFileReference; lastKnownFileType = text.plist.xml; path = Info.plist; sourceTree = "<group>"; };
		29183CB11E13A009001A8BAA /* ObjCAndSwiftTests.xctest */ = {isa = PBXFileReference; explicitFileType = wrapper.cfbundle; includeInIndex = 0; path = ObjCAndSwiftTests.xctest; sourceTree = BUILT_PRODUCTS_DIR; };
		29183CB51E13A009001A8BAA /* ObjCAndSwiftTests.m */ = {isa = PBXFileReference; lastKnownFileType = sourcecode.c.objc; path = ObjCAndSwiftTests.m; sourceTree = "<group>"; };
		29183CB71E13A009001A8BAA /* Info.plist */ = {isa = PBXFileReference; lastKnownFileType = text.plist.xml; path = Info.plist; sourceTree = "<group>"; };
		29183CBC1E13A009001A8BAA /* ObjCAndSwiftUITests.xctest */ = {isa = PBXFileReference; explicitFileType = wrapper.cfbundle; includeInIndex = 0; path = ObjCAndSwiftUITests.xctest; sourceTree = BUILT_PRODUCTS_DIR; };
		29183CC01E13A009001A8BAA /* ObjCAndSwiftUITests.m */ = {isa = PBXFileReference; lastKnownFileType = sourcecode.c.objc; path = ObjCAndSwiftUITests.m; sourceTree = "<group>"; };
		29183CC21E13A009001A8BAA /* Info.plist */ = {isa = PBXFileReference; lastKnownFileType = text.plist.xml; path = Info.plist; sourceTree = "<group>"; };
		29183CCE1E13A087001A8BAA /* ObjCAndSwift-Bridging-Header.h */ = {isa = PBXFileReference; lastKnownFileType = sourcecode.c.h; path = "ObjCAndSwift-Bridging-Header.h"; sourceTree = "<group>"; };
		29183CD11E13A173001A8BAA /* FirstVC.h */ = {isa = PBXFileReference; fileEncoding = 4; lastKnownFileType = sourcecode.c.h; name = FirstVC.h; path = ../FirstVC.h; sourceTree = "<group>"; };
		29183CD21E13A173001A8BAA /* FirstVC.m */ = {isa = PBXFileReference; fileEncoding = 4; lastKnownFileType = sourcecode.c.objc; name = FirstVC.m; path = ../FirstVC.m; sourceTree = "<group>"; };
		29183CD41E13A244001A8BAA /* SecondVC.swift */ = {isa = PBXFileReference; fileEncoding = 4; lastKnownFileType = sourcecode.swift; name = SecondVC.swift; path = ../SecondVC.swift; sourceTree = "<group>"; };
		29183CD71E13D674001A8BAA /* Charts */ = {isa = PBXFileReference; lastKnownFileType = folder; name = Charts; path = "../../../../Downloads/Charts-master/Source/Charts"; sourceTree = "<group>"; };
/* End PBXFileReference section */

/* Begin PBXFrameworksBuildPhase section */
		29183C951E13A009001A8BAA /* Frameworks */ = {
			isa = PBXFrameworksBuildPhase;
			buildActionMask = 2147483647;
			files = (
			);
			runOnlyForDeploymentPostprocessing = 0;
		};
		29183CAE1E13A009001A8BAA /* Frameworks */ = {
			isa = PBXFrameworksBuildPhase;
			buildActionMask = 2147483647;
			files = (
			);
			runOnlyForDeploymentPostprocessing = 0;
		};
		29183CB91E13A009001A8BAA /* Frameworks */ = {
			isa = PBXFrameworksBuildPhase;
			buildActionMask = 2147483647;
			files = (
			);
			runOnlyForDeploymentPostprocessing = 0;
		};
/* End PBXFrameworksBuildPhase section */

/* Begin PBXGroup section */
		29183C8F1E13A008001A8BAA = {
			isa = PBXGroup;
			children = (
				29183C9A1E13A009001A8BAA /* ObjCAndSwift */,
				29183CB41E13A009001A8BAA /* ObjCAndSwiftTests */,
				29183CBF1E13A009001A8BAA /* ObjCAndSwiftUITests */,
				29183C991E13A009001A8BAA /* Products */,
				29183CD61E13D674001A8BAA /* Frameworks */,
			);
			sourceTree = "<group>";
		};
		29183C991E13A009001A8BAA /* Products */ = {
			isa = PBXGroup;
			children = (
				29183C981E13A009001A8BAA /* ObjCAndSwift.app */,
				29183CB11E13A009001A8BAA /* ObjCAndSwiftTests.xctest */,
				29183CBC1E13A009001A8BAA /* ObjCAndSwiftUITests.xctest */,
			);
			name = Products;
			sourceTree = "<group>";
		};
		29183C9A1E13A009001A8BAA /* ObjCAndSwift */ = {
			isa = PBXGroup;
			children = (
				29183CD11E13A173001A8BAA /* FirstVC.h */,
				29183CD21E13A173001A8BAA /* FirstVC.m */,
				29183C9E1E13A009001A8BAA /* AppDelegate.h */,
				29183C9F1E13A009001A8BAA /* AppDelegate.m */,
				29183CD41E13A244001A8BAA /* SecondVC.swift */,
				29183CA41E13A009001A8BAA /* Main.storyboard */,
				29183CA71E13A009001A8BAA /* Assets.xcassets */,
				29183CA91E13A009001A8BAA /* LaunchScreen.storyboard */,
				29183CAC1E13A009001A8BAA /* Info.plist */,
				29183C9B1E13A009001A8BAA /* Supporting Files */,
				29183CCE1E13A087001A8BAA /* ObjCAndSwift-Bridging-Header.h */,
			);
			path = ObjCAndSwift;
			sourceTree = "<group>";
		};
		29183C9B1E13A009001A8BAA /* Supporting Files */ = {
			isa = PBXGroup;
			children = (
				29183C9C1E13A009001A8BAA /* main.m */,
			);
			name = "Supporting Files";
			sourceTree = "<group>";
		};
		29183CB41E13A009001A8BAA /* ObjCAndSwiftTests */ = {
			isa = PBXGroup;
			children = (
				29183CB51E13A009001A8BAA /* ObjCAndSwiftTests.m */,
				29183CB71E13A009001A8BAA /* Info.plist */,
			);
			path = ObjCAndSwiftTests;
			sourceTree = "<group>";
		};
		29183CBF1E13A009001A8BAA /* ObjCAndSwiftUITests */ = {
			isa = PBXGroup;
			children = (
				29183CC01E13A009001A8BAA /* ObjCAndSwiftUITests.m */,
				29183CC21E13A009001A8BAA /* Info.plist */,
			);
			path = ObjCAndSwiftUITests;
			sourceTree = "<group>";
		};
		29183CD61E13D674001A8BAA /* Frameworks */ = {
			isa = PBXGroup;
			children = (
				29183CD71E13D674001A8BAA /* Charts */,
			);
			name = Frameworks;
			sourceTree = "<group>";
		};
/* End PBXGroup section */

/* Begin PBXNativeTarget section */
		29183C971E13A009001A8BAA /* ObjCAndSwift */ = {
			isa = PBXNativeTarget;
			buildConfigurationList = 29183CC51E13A009001A8BAA /* Build configuration list for PBXNativeTarget "ObjCAndSwift" */;
			buildPhases = (
				29183C941E13A009001A8BAA /* Sources */,
				29183C951E13A009001A8BAA /* Frameworks */,
				29183C961E13A009001A8BAA /* Resources */,
			);
			buildRules = (
			);
			dependencies = (
			);
			name = ObjCAndSwift;
			productName = ObjCAndSwift;
			productReference = 29183C981E13A009001A8BAA /* ObjCAndSwift.app */;
			productType = "com.apple.product-type.application";
		};
		29183CB01E13A009001A8BAA /* ObjCAndSwiftTests */ = {
			isa = PBXNativeTarget;
			buildConfigurationList = 29183CC81E13A009001A8BAA /* Build configuration list for PBXNativeTarget "ObjCAndSwiftTests" */;
			buildPhases = (
				29183CAD1E13A009001A8BAA /* Sources */,
				29183CAE1E13A009001A8BAA /* Frameworks */,
				29183CAF1E13A009001A8BAA /* Resources */,
			);
			buildRules = (
			);
			dependencies = (
				29183CB31E13A009001A8BAA /* PBXTargetDependency */,
			);
			name = ObjCAndSwiftTests;
			productName = ObjCAndSwiftTests;
			productReference = 29183CB11E13A009001A8BAA /* ObjCAndSwiftTests.xctest */;
			productType = "com.apple.product-type.bundle.unit-test";
		};
		29183CBB1E13A009001A8BAA /* ObjCAndSwiftUITests */ = {
			isa = PBXNativeTarget;
			buildConfigurationList = 29183CCB1E13A009001A8BAA /* Build configuration list for PBXNativeTarget "ObjCAndSwiftUITests" */;
			buildPhases = (
				29183CB81E13A009001A8BAA /* Sources */,
				29183CB91E13A009001A8BAA /* Frameworks */,
				29183CBA1E13A009001A8BAA /* Resources */,
			);
			buildRules = (
			);
			dependencies = (
				29183CBE1E13A009001A8BAA /* PBXTargetDependency */,
			);
			name = ObjCAndSwiftUITests;
			productName = ObjCAndSwiftUITests;
			productReference = 29183CBC1E13A009001A8BAA /* ObjCAndSwiftUITests.xctest */;
			productType = "com.apple.product-type.bundle.ui-testing";
		};
/* End PBXNativeTarget section */

/* Begin PBXProject section */
		29183C901E13A008001A8BAA /* Project object */ = {
			isa = PBXProject;
			attributes = {
				LastUpgradeCheck = 0820;
				ORGANIZATIONNAME = "Mahaboobsab Nadaf";
				TargetAttributes = {
					29183C971E13A009001A8BAA = {
						CreatedOnToolsVersion = 8.2;
						LastSwiftMigration = 0820;
						ProvisioningStyle = Automatic;
					};
					29183CB01E13A009001A8BAA = {
						CreatedOnToolsVersion = 8.2;
						ProvisioningStyle = Automatic;
						TestTargetID = 29183C971E13A009001A8BAA;
					};
					29183CBB1E13A009001A8BAA = {
						CreatedOnToolsVersion = 8.2;
						ProvisioningStyle = Automatic;
						TestTargetID = 29183C971E13A009001A8BAA;
					};
				};
			};
			buildConfigurationList = 29183C931E13A008001A8BAA /* Build configuration list for PBXProject "ObjCAndSwift" */;
			compatibilityVersion = "Xcode 3.2";
			developmentRegion = English;
			hasScannedForEncodings = 0;
			knownRegions = (
				en,
				Base,
			);
			mainGroup = 29183C8F1E13A008001A8BAA;
			productRefGroup = 29183C991E13A009001A8BAA /* Products */;
			projectDirPath = "";
			projectRoot = "";
			targets = (
				29183C971E13A009001A8BAA /* ObjCAndSwift */,
				29183CB01E13A009001A8BAA /* ObjCAndSwiftTests */,
				29183CBB1E13A009001A8BAA /* ObjCAndSwiftUITests */,
			);
		};
/* End PBXProject section */

/* Begin PBXResourcesBuildPhase section */
		29183C961E13A009001A8BAA /* Resources */ = {
			isa = PBXResourcesBuildPhase;
			buildActionMask = 2147483647;
			files = (
				29183CAB1E13A009001A8BAA /* LaunchScreen.storyboard in Resources */,
				29183CA81E13A009001A8BAA /* Assets.xcassets in Resources */,
				29183CA61E13A009001A8BAA /* Main.storyboard in Resources */,
			);
			runOnlyForDeploymentPostprocessing = 0;
		};
		29183CAF1E13A009001A8BAA /* Resources */ = {
			isa = PBXResourcesBuildPhase;
			buildActionMask = 2147483647;
			files = (
			);
			runOnlyForDeploymentPostprocessing = 0;
		};
		29183CBA1E13A009001A8BAA /* Resources */ = {
			isa = PBXResourcesBuildPhase;
			buildActionMask = 2147483647;
			files = (
			);
			runOnlyForDeploymentPostprocessing = 0;
		};
/* End PBXResourcesBuildPhase section */

/* Begin PBXSourcesBuildPhase section */
		29183C941E13A009001A8BAA /* Sources */ = {
			isa = PBXSourcesBuildPhase;
			buildActionMask = 2147483647;
			files = (
				29183CD31E13A173001A8BAA /* FirstVC.m in Sources */,
				29183CA01E13A009001A8BAA /* AppDelegate.m in Sources */,
				29183CD51E13A244001A8BAA /* SecondVC.swift in Sources */,
				29183C9D1E13A009001A8BAA /* main.m in Sources */,
			);
			runOnlyForDeploymentPostprocessing = 0;
		};
		29183CAD1E13A009001A8BAA /* Sources */ = {
			isa = PBXSourcesBuildPhase;
			buildActionMask = 2147483647;
			files = (
				29183CB61E13A009001A8BAA /* ObjCAndSwiftTests.m in Sources */,
			);
			runOnlyForDeploymentPostprocessing = 0;
		};
		29183CB81E13A009001A8BAA /* Sources */ = {
			isa = PBXSourcesBuildPhase;
			buildActionMask = 2147483647;
			files = (
				29183CC11E13A009001A8BAA /* ObjCAndSwiftUITests.m in Sources */,
			);
			runOnlyForDeploymentPostprocessing = 0;
		};
/* End PBXSourcesBuildPhase section */

/* Begin PBXTargetDependency section */
		29183CB31E13A009001A8BAA /* PBXTargetDependency */ = {
			isa = PBXTargetDependency;
			target = 29183C971E13A009001A8BAA /* ObjCAndSwift */;
			targetProxy = 29183CB21E13A009001A8BAA /* PBXContainerItemProxy */;
		};
		29183CBE1E13A009001A8BAA /* PBXTargetDependency */ = {
			isa = PBXTargetDependency;
			target = 29183C971E13A009001A8BAA /* ObjCAndSwift */;
			targetProxy = 29183CBD1E13A009001A8BAA /* PBXContainerItemProxy */;
		};
/* End PBXTargetDependency section */

/* Begin PBXVariantGroup section */
		29183CA41E13A009001A8BAA /* Main.storyboard */ = {
			isa = PBXVariantGroup;
			children = (
				29183CA51E13A009001A8BAA /* Base */,
			);
			name = Main.storyboard;
			sourceTree = "<group>";
		};
		29183CA91E13A009001A8BAA /* LaunchScreen.storyboard */ = {
			isa = PBXVariantGroup;
			children = (
				29183CAA1E13A009001A8BAA /* Base */,
			);
			name = LaunchScreen.storyboard;
			sourceTree = "<group>";
		};
/* End PBXVariantGroup section */

/* Begin XCBuildConfiguration section */
		29183CC31E13A009001A8BAA /* Debug */ = {
			isa = XCBuildConfiguration;
			buildSettings = {
				ALWAYS_SEARCH_USER_PATHS = NO;
				CLANG_ANALYZER_NONNULL = YES;
				CLANG_CXX_LANGUAGE_STANDARD = "gnu++0x";
				CLANG_CXX_LIBRARY = "libc++";
				CLANG_ENABLE_MODULES = YES;
				CLANG_ENABLE_OBJC_ARC = YES;
				CLANG_WARN_BOOL_CONVERSION = YES;
				CLANG_WARN_CONSTANT_CONVERSION = YES;
				CLANG_WARN_DIRECT_OBJC_ISA_USAGE = YES_ERROR;
				CLANG_WARN_DOCUMENTATION_COMMENTS = YES;
				CLANG_WARN_EMPTY_BODY = YES;
				CLANG_WARN_ENUM_CONVERSION = YES;
				CLANG_WARN_INFINITE_RECURSION = YES;
				CLANG_WARN_INT_CONVERSION = YES;
				CLANG_WARN_OBJC_ROOT_CLASS = YES_ERROR;
				CLANG_WARN_SUSPICIOUS_MOVE = YES;
				CLANG_WARN_UNREACHABLE_CODE = YES;
				CLANG_WARN__DUPLICATE_METHOD_MATCH = YES;
				"CODE_SIGN_IDENTITY[sdk=iphoneos*]" = "iPhone Developer";
				COPY_PHASE_STRIP = NO;
				DEBUG_INFORMATION_FORMAT = dwarf;
				ENABLE_STRICT_OBJC_MSGSEND = YES;
				ENABLE_TESTABILITY = YES;
				GCC_C_LANGUAGE_STANDARD = gnu99;
				GCC_DYNAMIC_NO_PIC = NO;
				GCC_NO_COMMON_BLOCKS = YES;
				GCC_OPTIMIZATION_LEVEL = 0;
				GCC_PREPROCESSOR_DEFINITIONS = (
					"DEBUG=1",
					"$(inherited)",
				);
				GCC_WARN_64_TO_32_BIT_CONVERSION = YES;
				GCC_WARN_ABOUT_RETURN_TYPE = YES_ERROR;
				GCC_WARN_UNDECLARED_SELECTOR = YES;
				GCC_WARN_UNINITIALIZED_AUTOS = YES_AGGRESSIVE;
				GCC_WARN_UNUSED_FUNCTION = YES;
				GCC_WARN_UNUSED_VARIABLE = YES;
				IPHONEOS_DEPLOYMENT_TARGET = 10.2;
				MTL_ENABLE_DEBUG_INFO = YES;
				ONLY_ACTIVE_ARCH = YES;
				SDKROOT = iphoneos;
				TARGETED_DEVICE_FAMILY = "1,2";
			};
			name = Debug;
		};
		29183CC41E13A009001A8BAA /* Release */ = {
			isa = XCBuildConfiguration;
			buildSettings = {
				ALWAYS_SEARCH_USER_PATHS = NO;
				CLANG_ANALYZER_NONNULL = YES;
				CLANG_CXX_LANGUAGE_STANDARD = "gnu++0x";
				CLANG_CXX_LIBRARY = "libc++";
				CLANG_ENABLE_MODULES = YES;
				CLANG_ENABLE_OBJC_ARC = YES;
				CLANG_WARN_BOOL_CONVERSION = YES;
				CLANG_WARN_CONSTANT_CONVERSION = YES;
				CLANG_WARN_DIRECT_OBJC_ISA_USAGE = YES_ERROR;
				CLANG_WARN_DOCUMENTATION_COMMENTS = YES;
				CLANG_WARN_EMPTY_BODY = YES;
				CLANG_WARN_ENUM_CONVERSION = YES;
				CLANG_WARN_INFINITE_RECURSION = YES;
				CLANG_WARN_INT_CONVERSION = YES;
				CLANG_WARN_OBJC_ROOT_CLASS = YES_ERROR;
				CLANG_WARN_SUSPICIOUS_MOVE = YES;
				CLANG_WARN_UNREACHABLE_CODE = YES;
				CLANG_WARN__DUPLICATE_METHOD_MATCH = YES;
				"CODE_SIGN_IDENTITY[sdk=iphoneos*]" = "iPhone Developer";
				COPY_PHASE_STRIP = NO;
				DEBUG_INFORMATION_FORMAT = "dwarf-with-dsym";
				ENABLE_NS_ASSERTIONS = NO;
				ENABLE_STRICT_OBJC_MSGSEND = YES;
				GCC_C_LANGUAGE_STANDARD = gnu99;
				GCC_NO_COMMON_BLOCKS = YES;
				GCC_WARN_64_TO_32_BIT_CONVERSION = YES;
				GCC_WARN_ABOUT_RETURN_TYPE = YES_ERROR;
				GCC_WARN_UNDECLARED_SELECTOR = YES;
				GCC_WARN_UNINITIALIZED_AUTOS = YES_AGGRESSIVE;
				GCC_WARN_UNUSED_FUNCTION = YES;
				GCC_WARN_UNUSED_VARIABLE = YES;
				IPHONEOS_DEPLOYMENT_TARGET = 10.2;
				MTL_ENABLE_DEBUG_INFO = NO;
				SDKROOT = iphoneos;
				TARGETED_DEVICE_FAMILY = "1,2";
				VALIDATE_PRODUCT = YES;
			};
			name = Release;
		};
		29183CC61E13A009001A8BAA /* Debug */ = {
			isa = XCBuildConfiguration;
			buildSettings = {
				ASSETCATALOG_COMPILER_APPICON_NAME = AppIcon;
				CLANG_ENABLE_MODULES = YES;
				INFOPLIST_FILE = ObjCAndSwift/Info.plist;
				LD_RUNPATH_SEARCH_PATHS = "$(inherited) @executable_path/Frameworks";
				PRODUCT_BUNDLE_IDENTIFIER = NeoRays.ObjCAndSwift;
				PRODUCT_NAME = "$(TARGET_NAME)";
				SWIFT_OBJC_BRIDGING_HEADER = "ObjCAndSwift/ObjCAndSwift-Bridging-Header.h";
				SWIFT_OPTIMIZATION_LEVEL = "-Onone";
				SWIFT_VERSION = 3.0;
			};
			name = Debug;
		};
		29183CC71E13A009001A8BAA /* Release */ = {
			isa = XCBuildConfiguration;
			buildSettings = {
				ASSETCATALOG_COMPILER_APPICON_NAME = AppIcon;
				CLANG_ENABLE_MODULES = YES;
				INFOPLIST_FILE = ObjCAndSwift/Info.plist;
				LD_RUNPATH_SEARCH_PATHS = "$(inherited) @executable_path/Frameworks";
				PRODUCT_BUNDLE_IDENTIFIER = NeoRays.ObjCAndSwift;
				PRODUCT_NAME = "$(TARGET_NAME)";
				SWIFT_OBJC_BRIDGING_HEADER = "ObjCAndSwift/ObjCAndSwift-Bridging-Header.h";
				SWIFT_VERSION = 3.0;
			};
			name = Release;
		};
		29183CC91E13A009001A8BAA /* Debug */ = {
			isa = XCBuildConfiguration;
			buildSettings = {
				ALWAYS_EMBED_SWIFT_STANDARD_LIBRARIES = YES;
				BUNDLE_LOADER = "$(TEST_HOST)";
				INFOPLIST_FILE = ObjCAndSwiftTests/Info.plist;
				LD_RUNPATH_SEARCH_PATHS = "$(inherited) @executable_path/Frameworks @loader_path/Frameworks";
				PRODUCT_BUNDLE_IDENTIFIER = NeoRays.ObjCAndSwiftTests;
				PRODUCT_NAME = "$(TARGET_NAME)";
				TEST_HOST = "$(BUILT_PRODUCTS_DIR)/ObjCAndSwift.app/ObjCAndSwift";
			};
			name = Debug;
		};
		29183CCA1E13A009001A8BAA /* Release */ = {
			isa = XCBuildConfiguration;
			buildSettings = {
				ALWAYS_EMBED_SWIFT_STANDARD_LIBRARIES = YES;
				BUNDLE_LOADER = "$(TEST_HOST)";
				INFOPLIST_FILE = ObjCAndSwiftTests/Info.plist;
				LD_RUNPATH_SEARCH_PATHS = "$(inherited) @executable_path/Frameworks @loader_path/Frameworks";
				PRODUCT_BUNDLE_IDENTIFIER = NeoRays.ObjCAndSwiftTests;
				PRODUCT_NAME = "$(TARGET_NAME)";
				TEST_HOST = "$(BUILT_PRODUCTS_DIR)/ObjCAndSwift.app/ObjCAndSwift";
			};
			name = Release;
		};
		29183CCC1E13A009001A8BAA /* Debug */ = {
			isa = XCBuildConfiguration;
			buildSettings = {
				ALWAYS_EMBED_SWIFT_STANDARD_LIBRARIES = YES;
				INFOPLIST_FILE = ObjCAndSwiftUITests/Info.plist;
				LD_RUNPATH_SEARCH_PATHS = "$(inherited) @executable_path/Frameworks @loader_path/Frameworks";
				PRODUCT_BUNDLE_IDENTIFIER = NeoRays.ObjCAndSwiftUITests;
				PRODUCT_NAME = "$(TARGET_NAME)";
				TEST_TARGET_NAME = ObjCAndSwift;
			};
			name = Debug;
		};
		29183CCD1E13A009001A8BAA /* Release */ = {
			isa = XCBuildConfiguration;
			buildSettings = {
				ALWAYS_EMBED_SWIFT_STANDARD_LIBRARIES = YES;
				INFOPLIST_FILE = ObjCAndSwiftUITests/Info.plist;
				LD_RUNPATH_SEARCH_PATHS = "$(inherited) @executable_path/Frameworks @loader_path/Frameworks";
				PRODUCT_BUNDLE_IDENTIFIER = NeoRays.ObjCAndSwiftUITests;
				PRODUCT_NAME = "$(TARGET_NAME)";
				TEST_TARGET_NAME = ObjCAndSwift;
			};
			name = Release;
		};
/* End XCBuildConfiguration section */

/* Begin XCConfigurationList section */
		29183C931E13A008001A8BAA /* Build configuration list for PBXProject "ObjCAndSwift" */ = {
			isa = XCConfigurationList;
			buildConfigurations = (
				29183CC31E13A009001A8BAA /* Debug */,
				29183CC41E13A009001A8BAA /* Release */,
			);
			defaultConfigurationIsVisible = 0;
			defaultConfigurationName = Release;
		};
		29183CC51E13A009001A8BAA /* Build configuration list for PBXNativeTarget "ObjCAndSwift" */ = {
			isa = XCConfigurationList;
			buildConfigurations = (
				29183CC61E13A009001A8BAA /* Debug */,
				29183CC71E13A009001A8BAA /* Release */,
			);
			defaultConfigurationIsVisible = 0;
		};
		29183CC81E13A009001A8BAA /* Build configuration list for PBXNativeTarget "ObjCAndSwiftTests" */ = {
			isa = XCConfigurationList;
			buildConfigurations = (
				29183CC91E13A009001A8BAA /* Debug */,
				29183CCA1E13A009001A8BAA /* Release */,
			);
			defaultConfigurationIsVisible = 0;
		};
		29183CCB1E13A009001A8BAA /* Build configuration list for PBXNativeTarget "ObjCAndSwiftUITests" */ = {
			isa = XCConfigurationList;
			buildConfigurations = (
				29183CCC1E13A009001A8BAA /* Debug */,
				29183CCD1E13A009001A8BAA /* Release */,
			);
			defaultConfigurationIsVisible = 0;
		};
/* End XCConfigurationList section */
	};
	rootObject = 29183C901E13A008001A8BAA /* Project object */;
}
